
Microsoft Visual Studio Solution File, Format Version 12.00
# Visual Studio Version 17
VisualStudioVersion = 17.5.33516.290
MinimumVisualStudioVersion = 10.0.40219.1
Project("{FAE04EC0-301F-11D3-BF4B-00C04F79EFBC}") = "backend", "backend.csproj", "{B706AA32-65BA-4B71-93E0-297143DE86F0}"
EndProject
Global
	GlobalSection(SolutionConfigurationPlatforms) = preSolution
		Debug|Any CPU = Debug|Any CPU
		Release|Any CPU = Release|Any CPU
	EndGlobalSection
	GlobalSection(ProjectConfigurationPlatforms) = postSolution
		{B706AA32-65BA-4B71-93E0-297143DE86F0}.Debug|Any CPU.ActiveCfg = Debug|Any CPU
		{B706AA32-65BA-4B71-93E0-297143DE86F0}.Debug|Any CPU.Build.0 = Debug|Any CPU
		{B706AA32-65BA-4B71-93E0-297143DE86F0}.Release|Any CPU.ActiveCfg = Release|Any CPU
		{B706AA32-65BA-4B71-93E0-297143DE86F0}.Release|Any CPU.Build.0 = Release|Any CPU
	EndGlobalSection
	GlobalSection(SolutionProperties) = preSolution
		HideSolutionNode = FALSE
	EndGlobalSection
	GlobalSection(ExtensibilityGlobals) = postSolution
		SolutionGuid = {79109138-54BC-4439-AE96-FA58FBDB6A50}
	EndGlobalSection
EndGlobal
